
Microsoft Visual Studio Solution File, Format Version 12.00
# Visual Studio Version 17
VisualStudioVersion = 17.5.002.0
MinimumVisualStudioVersion = 10.0.40219.1
Project("{9A19103F-16F7-4668-BE54-9A1E7A4F7556}") = "c-sharp-practice", "c-sharp-practice.csproj", "{38B6CBBE-1F8E-43EF-9730-C9A8512DA64B}"
EndProject
Global
	GlobalSection(SolutionConfigurationPlatforms) = preSolution
		Debug|Any CPU = Debug|Any CPU
		Release|Any CPU = Release|Any CPU
	EndGlobalSection
	GlobalSection(ProjectConfigurationPlatforms) = postSolution
		{38B6CBBE-1F8E-43EF-9730-C9A8512DA64B}.Debug|Any CPU.ActiveCfg = Debug|Any CPU
		{38B6CBBE-1F8E-43EF-9730-C9A8512DA64B}.Debug|Any CPU.Build.0 = Debug|Any CPU
		{38B6CBBE-1F8E-43EF-9730-C9A8512DA64B}.Release|Any CPU.ActiveCfg = Release|Any CPU
		{38B6CBBE-1F8E-43EF-9730-C9A8512DA64B}.Release|Any CPU.Build.0 = Release|Any CPU
	EndGlobalSection
	GlobalSection(SolutionProperties) = preSolution
		HideSolutionNode = FALSE
	EndGlobalSection
	GlobalSection(ExtensibilityGlobals) = postSolution
		SolutionGuid = {B272BDB1-78A6-454F-AE8B-5699A7572DF1}
	EndGlobalSection
EndGlobal
